
Microsoft Visual Studio Solution File, Format Version 11.00
# Visual Studio 2010
Project("{FAE04EC0-301F-11D3-BF4B-00C04F79EFBC}") = "the-life", "Assembly-CSharp.csproj", "{8708A0F6-DC65-98E8-293A-80609A863D8F}"
EndProject
Global
	GlobalSection(SolutionConfigurationPlatforms) = preSolution
		Debug|Any CPU = Debug|Any CPU
		Release|Any CPU = Release|Any CPU
	EndGlobalSection
	GlobalSection(ProjectConfigurationPlatforms) = postSolution
		{8708A0F6-DC65-98E8-293A-80609A863D8F}.Debug|Any CPU.ActiveCfg = Debug|Any CPU
		{8708A0F6-DC65-98E8-293A-80609A863D8F}.Debug|Any CPU.Build.0 = Debug|Any CPU
		{8708A0F6-DC65-98E8-293A-80609A863D8F}.Release|Any CPU.ActiveCfg = Release|Any CPU
		{8708A0F6-DC65-98E8-293A-80609A863D8F}.Release|Any CPU.Build.0 = Release|Any CPU
	EndGlobalSection
	GlobalSection(SolutionProperties) = preSolution
		HideSolutionNode = FALSE
	EndGlobalSection
	GlobalSection(MonoDevelopProperties) = preSolution
		StartupItem = Assembly-CSharp.csproj
	EndGlobalSection
EndGlobal
